// !$*UTF8*$!
{
	archiveVersion = 1;
	classes = {
	};
	objectVersion = 56;
	objects = {

/* Begin PBXBuildFile section */
		8B0DE2B129F6B7DE006F4554 /* Rank.swift in Sources */ = {isa = PBXBuildFile; fileRef = 8B0DE2B029F6B7DE006F4554 /* Rank.swift */; };
		8B12D29229C27C000070A8F8 /* OpenShortProgram.swift in Sources */ = {isa = PBXBuildFile; fileRef = 8B12D29129C27C000070A8F8 /* OpenShortProgram.swift */; };
		8B248DDB29C4D7F000E145AF /* ElementDetail.swift in Sources */ = {isa = PBXBuildFile; fileRef = 8B248DDA29C4D7F000E145AF /* ElementDetail.swift */; };
		8B49F5AA29B8E39000E360BB /* AP_AppApp.swift in Sources */ = {isa = PBXBuildFile; fileRef = 8B49F5A929B8E39000E360BB /* AP_AppApp.swift */; };
		8B49F5AC29B8E39000E360BB /* ContentView.swift in Sources */ = {isa = PBXBuildFile; fileRef = 8B49F5AB29B8E39000E360BB /* ContentView.swift */; };
		8B49F5AE29B8E39100E360BB /* Assets.xcassets in Resources */ = {isa = PBXBuildFile; fileRef = 8B49F5AD29B8E39100E360BB /* Assets.xcassets */; };
		8B49F5B129B8E39100E360BB /* Preview Assets.xcassets in Resources */ = {isa = PBXBuildFile; fileRef = 8B49F5B029B8E39100E360BB /* Preview Assets.xcassets */; };
		8B49F5BC29B8E43600E360BB /* Elements.swift in Sources */ = {isa = PBXBuildFile; fileRef = 8B49F5BB29B8E43600E360BB /* Elements.swift */; };
		8B49F5BE29B8E44D00E360BB /* ShortPButton.swift in Sources */ = {isa = PBXBuildFile; fileRef = 8B49F5BD29B8E44D00E360BB /* ShortPButton.swift */; };
		8B49F5C029B8E45800E360BB /* LongPButton.swift in Sources */ = {isa = PBXBuildFile; fileRef = 8B49F5BF29B8E45800E360BB /* LongPButton.swift */; };
		8B49F5C229B8E46C00E360BB /* FirstView.swift in Sources */ = {isa = PBXBuildFile; fileRef = 8B49F5C129B8E46C00E360BB /* FirstView.swift */; };
		8B49F5C429B8E47B00E360BB /* ShortProgram.swift in Sources */ = {isa = PBXBuildFile; fileRef = 8B49F5C329B8E47B00E360BB /* ShortProgram.swift */; };
		8B49F5C629B8E48400E360BB /* LongProgram.swift in Sources */ = {isa = PBXBuildFile; fileRef = 8B49F5C529B8E48400E360BB /* LongProgram.swift */; };
		8B49F5C829B8E52000E360BB /* Extensions.swift in Sources */ = {isa = PBXBuildFile; fileRef = 8B49F5C729B8E52000E360BB /* Extensions.swift */; };
		8B709C3829F2D7ED00AA3DD9 /* LeaveCalculator.swift in Sources */ = {isa = PBXBuildFile; fileRef = 8B709C3729F2D7ED00AA3DD9 /* LeaveCalculator.swift */; };
		8B8498C129C2BBAF00B93ABB /* Functions.swift in Sources */ = {isa = PBXBuildFile; fileRef = 8B8498C029C2BBAF00B93ABB /* Functions.swift */; };
		8BA8A69E29ED85AC00BAB6EA /* MoveElements.swift in Sources */ = {isa = PBXBuildFile; fileRef = 8BA8A69D29ED85AC00BAB6EA /* MoveElements.swift */; };
		8BA8A6A029ED895B00BAB6EA /* WorldShortRankings.swift in Sources */ = {isa = PBXBuildFile; fileRef = 8BA8A69F29ED895B00BAB6EA /* WorldShortRankings.swift */; };
		8BA8A6A229ED89E400BAB6EA /* JuniorShortWorlds.swift in Sources */ = {isa = PBXBuildFile; fileRef = 8BA8A6A129ED89E400BAB6EA /* JuniorShortWorlds.swift */; };
/* End PBXBuildFile section */

/* Begin PBXFileReference section */
		8B0DE2B029F6B7DE006F4554 /* Rank.swift */ = {isa = PBXFileReference; lastKnownFileType = sourcecode.swift; path = Rank.swift; sourceTree = "<group>"; };
		8B12D29129C27C000070A8F8 /* OpenShortProgram.swift */ = {isa = PBXFileReference; lastKnownFileType = sourcecode.swift; path = OpenShortProgram.swift; sourceTree = "<group>"; };
		8B248DDA29C4D7F000E145AF /* ElementDetail.swift */ = {isa = PBXFileReference; lastKnownFileType = sourcecode.swift; path = ElementDetail.swift; sourceTree = "<group>"; };
		8B49F5A629B8E39000E360BB /* AP App.app */ = {isa = PBXFileReference; explicitFileType = wrapper.application; includeInIndex = 0; path = "AP App.app"; sourceTree = BUILT_PRODUCTS_DIR; };
		8B49F5A929B8E39000E360BB /* AP_AppApp.swift */ = {isa = PBXFileReference; lastKnownFileType = sourcecode.swift; path = AP_AppApp.swift; sourceTree = "<group>"; };
		8B49F5AB29B8E39000E360BB /* ContentView.swift */ = {isa = PBXFileReference; lastKnownFileType = sourcecode.swift; path = ContentView.swift; sourceTree = "<group>"; };
		8B49F5AD29B8E39100E360BB /* Assets.xcassets */ = {isa = PBXFileReference; lastKnownFileType = folder.assetcatalog; path = Assets.xcassets; sourceTree = "<group>"; };
		8B49F5B029B8E39100E360BB /* Preview Assets.xcassets */ = {isa = PBXFileReference; lastKnownFileType = folder.assetcatalog; path = "Preview Assets.xcassets"; sourceTree = "<group>"; };
		8B49F5BB29B8E43600E360BB /* Elements.swift */ = {isa = PBXFileReference; lastKnownFileType = sourcecode.swift; path = Elements.swift; sourceTree = "<group>"; };
		8B49F5BD29B8E44D00E360BB /* ShortPButton.swift */ = {isa = PBXFileReference; lastKnownFileType = sourcecode.swift; path = ShortPButton.swift; sourceTree = "<group>"; };
		8B49F5BF29B8E45800E360BB /* LongPButton.swift */ = {isa = PBXFileReference; lastKnownFileType = sourcecode.swift; path = LongPButton.swift; sourceTree = "<group>"; };
		8B49F5C129B8E46C00E360BB /* FirstView.swift */ = {isa = PBXFileReference; lastKnownFileType = sourcecode.swift; path = FirstView.swift; sourceTree = "<group>"; };
		8B49F5C329B8E47B00E360BB /* ShortProgram.swift */ = {isa = PBXFileReference; lastKnownFileType = sourcecode.swift; path = ShortProgram.swift; sourceTree = "<group>"; };
		8B49F5C529B8E48400E360BB /* LongProgram.swift */ = {isa = PBXFileReference; lastKnownFileType = sourcecode.swift; path = LongProgram.swift; sourceTree = "<group>"; };
		8B49F5C729B8E52000E360BB /* Extensions.swift */ = {isa = PBXFileReference; lastKnownFileType = sourcecode.swift; path = Extensions.swift; sourceTree = "<group>"; };
		8B709C3729F2D7ED00AA3DD9 /* LeaveCalculator.swift */ = {isa = PBXFileReference; lastKnownFileType = sourcecode.swift; path = LeaveCalculator.swift; sourceTree = "<group>"; };
		8B8498C029C2BBAF00B93ABB /* Functions.swift */ = {isa = PBXFileReference; lastKnownFileType = sourcecode.swift; path = Functions.swift; sourceTree = "<group>"; };
		8BA8A69D29ED85AC00BAB6EA /* MoveElements.swift */ = {isa = PBXFileReference; lastKnownFileType = sourcecode.swift; path = MoveElements.swift; sourceTree = "<group>"; };
		8BA8A69F29ED895B00BAB6EA /* WorldShortRankings.swift */ = {isa = PBXFileReference; lastKnownFileType = sourcecode.swift; path = WorldShortRankings.swift; sourceTree = "<group>"; };
		8BA8A6A129ED89E400BAB6EA /* JuniorShortWorlds.swift */ = {isa = PBXFileReference; lastKnownFileType = sourcecode.swift; path = JuniorShortWorlds.swift; sourceTree = "<group>"; };
/* End PBXFileReference section */

/* Begin PBXFrameworksBuildPhase section */
		8B49F5A329B8E39000E360BB /* Frameworks */ = {
			isa = PBXFrameworksBuildPhase;
			buildActionMask = 2147483647;
			files = (
			);
			runOnlyForDeploymentPostprocessing = 0;
		};
/* End PBXFrameworksBuildPhase section */

/* Begin PBXGroup section */
		8B49F59D29B8E39000E360BB = {
			isa = PBXGroup;
			children = (
				8B49F5A829B8E39000E360BB /* AP App */,
				8B49F5A729B8E39000E360BB /* Products */,
			);
			sourceTree = "<group>";
		};
		8B49F5A729B8E39000E360BB /* Products */ = {
			isa = PBXGroup;
			children = (
				8B49F5A629B8E39000E360BB /* AP App.app */,
			);
			name = Products;
			sourceTree = "<group>";
		};
		8B49F5A829B8E39000E360BB /* AP App */ = {
			isa = PBXGroup;
			children = (
				8B49F5A929B8E39000E360BB /* AP_AppApp.swift */,
				8B49F5AB29B8E39000E360BB /* ContentView.swift */,
				8B49F5B729B8E3B400E360BB /* Views */,
				8B49F5B929B8E3D000E360BB /* Models */,
				8B49F5B829B8E3BE00E360BB /* Components */,
				8B49F5AF29B8E39100E360BB /* Preview Content */,
			);
			path = "AP App";
			sourceTree = "<group>";
		};
		8B49F5AF29B8E39100E360BB /* Preview Content */ = {
			isa = PBXGroup;
			children = (
				8B49F5AD29B8E39100E360BB /* Assets.xcassets */,
				8B49F5B029B8E39100E360BB /* Preview Assets.xcassets */,
			);
			path = "Preview Content";
			sourceTree = "<group>";
		};
		8B49F5B729B8E3B400E360BB /* Views */ = {
			isa = PBXGroup;
			children = (
				8B49F5C129B8E46C00E360BB /* FirstView.swift */,
				8B49F5C329B8E47B00E360BB /* ShortProgram.swift */,
				8BA8A69F29ED895B00BAB6EA /* WorldShortRankings.swift */,
				8B49F5C529B8E48400E360BB /* LongProgram.swift */,
				8B12D29129C27C000070A8F8 /* OpenShortProgram.swift */,
				8B248DDA29C4D7F000E145AF /* ElementDetail.swift */,
				8BA8A69D29ED85AC00BAB6EA /* MoveElements.swift */,
			);
			path = Views;
			sourceTree = "<group>";
		};
		8B49F5B829B8E3BE00E360BB /* Components */ = {
			isa = PBXGroup;
			children = (
				8B49F5BD29B8E44D00E360BB /* ShortPButton.swift */,
				8B49F5BF29B8E45800E360BB /* LongPButton.swift */,
				8B8498C029C2BBAF00B93ABB /* Functions.swift */,
				8B709C3729F2D7ED00AA3DD9 /* LeaveCalculator.swift */,
				8B0DE2B029F6B7DE006F4554 /* Rank.swift */,
			);
			path = Components;
			sourceTree = "<group>";
		};
		8B49F5B929B8E3D000E360BB /* Models */ = {
			isa = PBXGroup;
			children = (
				8B49F5BB29B8E43600E360BB /* Elements.swift */,
				8B49F5C729B8E52000E360BB /* Extensions.swift */,
				8BA8A6A129ED89E400BAB6EA /* JuniorShortWorlds.swift */,
			);
			path = Models;
			sourceTree = "<group>";
		};
/* End PBXGroup section */

/* Begin PBXNativeTarget section */
		8B49F5A529B8E39000E360BB /* AP App */ = {
			isa = PBXNativeTarget;
			buildConfigurationList = 8B49F5B429B8E39100E360BB /* Build configuration list for PBXNativeTarget "AP App" */;
			buildPhases = (
				8B49F5A229B8E39000E360BB /* Sources */,
				8B49F5A329B8E39000E360BB /* Frameworks */,
				8B49F5A429B8E39000E360BB /* Resources */,
			);
			buildRules = (
			);
			dependencies = (
			);
			name = "AP App";
			productName = "AP App";
			productReference = 8B49F5A629B8E39000E360BB /* AP App.app */;
			productType = "com.apple.product-type.application";
		};
/* End PBXNativeTarget section */

/* Begin PBXProject section */
		8B49F59E29B8E39000E360BB /* Project object */ = {
			isa = PBXProject;
			attributes = {
				BuildIndependentTargetsInParallel = 1;
				LastSwiftUpdateCheck = 1410;
				LastUpgradeCheck = 1410;
				TargetAttributes = {
					8B49F5A529B8E39000E360BB = {
						CreatedOnToolsVersion = 14.1;
					};
				};
			};
			buildConfigurationList = 8B49F5A129B8E39000E360BB /* Build configuration list for PBXProject "AP App" */;
			compatibilityVersion = "Xcode 14.0";
			developmentRegion = en;
			hasScannedForEncodings = 0;
			knownRegions = (
				en,
				Base,
			);
			mainGroup = 8B49F59D29B8E39000E360BB;
			productRefGroup = 8B49F5A729B8E39000E360BB /* Products */;
			projectDirPath = "";
			projectRoot = "";
			targets = (
				8B49F5A529B8E39000E360BB /* AP App */,
			);
		};
/* End PBXProject section */

/* Begin PBXResourcesBuildPhase section */
		8B49F5A429B8E39000E360BB /* Resources */ = {
			isa = PBXResourcesBuildPhase;
			buildActionMask = 2147483647;
			files = (
				8B49F5B129B8E39100E360BB /* Preview Assets.xcassets in Resources */,
				8B49F5AE29B8E39100E360BB /* Assets.xcassets in Resources */,
			);
			runOnlyForDeploymentPostprocessing = 0;
		};
/* End PBXResourcesBuildPhase section */

/* Begin PBXSourcesBuildPhase section */
		8B49F5A229B8E39000E360BB /* Sources */ = {
			isa = PBXSourcesBuildPhase;
			buildActionMask = 2147483647;
			files = (
				8B0DE2B129F6B7DE006F4554 /* Rank.swift in Sources */,
				8B49F5AC29B8E39000E360BB /* ContentView.swift in Sources */,
				8B248DDB29C4D7F000E145AF /* ElementDetail.swift in Sources */,
				8B49F5C829B8E52000E360BB /* Extensions.swift in Sources */,
				8B49F5C229B8E46C00E360BB /* FirstView.swift in Sources */,
				8BA8A6A229ED89E400BAB6EA /* JuniorShortWorlds.swift in Sources */,
				8B49F5C429B8E47B00E360BB /* ShortProgram.swift in Sources */,
				8B49F5BE29B8E44D00E360BB /* ShortPButton.swift in Sources */,
				8B49F5C629B8E48400E360BB /* LongProgram.swift in Sources */,
				8B49F5C029B8E45800E360BB /* LongPButton.swift in Sources */,
				8BA8A6A029ED895B00BAB6EA /* WorldShortRankings.swift in Sources */,
				8B49F5AA29B8E39000E360BB /* AP_AppApp.swift in Sources */,
				8B12D29229C27C000070A8F8 /* OpenShortProgram.swift in Sources */,
				8BA8A69E29ED85AC00BAB6EA /* MoveElements.swift in Sources */,
				8B709C3829F2D7ED00AA3DD9 /* LeaveCalculator.swift in Sources */,
				8B49F5BC29B8E43600E360BB /* Elements.swift in Sources */,
				8B8498C129C2BBAF00B93ABB /* Functions.swift in Sources */,
			);
			runOnlyForDeploymentPostprocessing = 0;
		};
/* End PBXSourcesBuildPhase section */

/* Begin XCBuildConfiguration section */
		8B49F5B229B8E39100E360BB /* Debug */ = {
			isa = XCBuildConfiguration;
			buildSettings = {
				ALWAYS_SEARCH_USER_PATHS = NO;
				CLANG_ANALYZER_NONNULL = YES;
				CLANG_ANALYZER_NUMBER_OBJECT_CONVERSION = YES_AGGRESSIVE;
				CLANG_CXX_LANGUAGE_STANDARD = "gnu++20";
				CLANG_ENABLE_MODULES = YES;
				CLANG_ENABLE_OBJC_ARC = YES;
				CLANG_ENABLE_OBJC_WEAK = YES;
				CLANG_WARN_BLOCK_CAPTURE_AUTORELEASING = YES;
				CLANG_WARN_BOOL_CONVERSION = YES;
				CLANG_WARN_COMMA = YES;
				CLANG_WARN_CONSTANT_CONVERSION = YES;
				CLANG_WARN_DEPRECATED_OBJC_IMPLEMENTATIONS = YES;
				CLANG_WARN_DIRECT_OBJC_ISA_USAGE = YES_ERROR;
				CLANG_WARN_DOCUMENTATION_COMMENTS = YES;
				CLANG_WARN_EMPTY_BODY = YES;
				CLANG_WARN_ENUM_CONVERSION = YES;
				CLANG_WARN_INFINITE_RECURSION = YES;
				CLANG_WARN_INT_CONVERSION = YES;
				CLANG_WARN_NON_LITERAL_NULL_CONVERSION = YES;
				CLANG_WARN_OBJC_IMPLICIT_RETAIN_SELF = YES;
				CLANG_WARN_OBJC_LITERAL_CONVERSION = YES;
				CLANG_WARN_OBJC_ROOT_CLASS = YES_ERROR;
				CLANG_WARN_QUOTED_INCLUDE_IN_FRAMEWORK_HEADER = YES;
				CLANG_WARN_RANGE_LOOP_ANALYSIS = YES;
				CLANG_WARN_STRICT_PROTOTYPES = YES;
				CLANG_WARN_SUSPICIOUS_MOVE = YES;
				CLANG_WARN_UNGUARDED_AVAILABILITY = YES_AGGRESSIVE;
				CLANG_WARN_UNREACHABLE_CODE = YES;
				CLANG_WARN__DUPLICATE_METHOD_MATCH = YES;
				COPY_PHASE_STRIP = NO;
				DEBUG_INFORMATION_FORMAT = dwarf;
				ENABLE_STRICT_OBJC_MSGSEND = YES;
				ENABLE_TESTABILITY = YES;
				GCC_C_LANGUAGE_STANDARD = gnu11;
				GCC_DYNAMIC_NO_PIC = NO;
				GCC_NO_COMMON_BLOCKS = YES;
				GCC_OPTIMIZATION_LEVEL = 0;
				GCC_PREPROCESSOR_DEFINITIONS = (
					"DEBUG=1",
					"$(inherited)",
				);
				GCC_WARN_64_TO_32_BIT_CONVERSION = YES;
				GCC_WARN_ABOUT_RETURN_TYPE = YES_ERROR;
				GCC_WARN_UNDECLARED_SELECTOR = YES;
				GCC_WARN_UNINITIALIZED_AUTOS = YES_AGGRESSIVE;
				GCC_WARN_UNUSED_FUNCTION = YES;
				GCC_WARN_UNUSED_VARIABLE = YES;
				IPHONEOS_DEPLOYMENT_TARGET = 16.1;
				MTL_ENABLE_DEBUG_INFO = INCLUDE_SOURCE;
				MTL_FAST_MATH = YES;
				ONLY_ACTIVE_ARCH = YES;
				SDKROOT = iphoneos;
				SWIFT_ACTIVE_COMPILATION_CONDITIONS = DEBUG;
				SWIFT_OPTIMIZATION_LEVEL = "-Onone";
			};
			name = Debug;
		};
		8B49F5B329B8E39100E360BB /* Release */ = {
			isa = XCBuildConfiguration;
			buildSettings = {
				ALWAYS_SEARCH_USER_PATHS = NO;
				CLANG_ANALYZER_NONNULL = YES;
				CLANG_ANALYZER_NUMBER_OBJECT_CONVERSION = YES_AGGRESSIVE;
				CLANG_CXX_LANGUAGE_STANDARD = "gnu++20";
				CLANG_ENABLE_MODULES = YES;
				CLANG_ENABLE_OBJC_ARC = YES;
				CLANG_ENABLE_OBJC_WEAK = YES;
				CLANG_WARN_BLOCK_CAPTURE_AUTORELEASING = YES;
				CLANG_WARN_BOOL_CONVERSION = YES;
				CLANG_WARN_COMMA = YES;
				CLANG_WARN_CONSTANT_CONVERSION = YES;
				CLANG_WARN_DEPRECATED_OBJC_IMPLEMENTATIONS = YES;
				CLANG_WARN_DIRECT_OBJC_ISA_USAGE = YES_ERROR;
				CLANG_WARN_DOCUMENTATION_COMMENTS = YES;
				CLANG_WARN_EMPTY_BODY = YES;
				CLANG_WARN_ENUM_CONVERSION = YES;
				CLANG_WARN_INFINITE_RECURSION = YES;
				CLANG_WARN_INT_CONVERSION = YES;
				CLANG_WARN_NON_LITERAL_NULL_CONVERSION = YES;
				CLANG_WARN_OBJC_IMPLICIT_RETAIN_SELF = YES;
				CLANG_WARN_OBJC_LITERAL_CONVERSION = YES;
				CLANG_WARN_OBJC_ROOT_CLASS = YES_ERROR;
				CLANG_WARN_QUOTED_INCLUDE_IN_FRAMEWORK_HEADER = YES;
				CLANG_WARN_RANGE_LOOP_ANALYSIS = YES;
				CLANG_WARN_STRICT_PROTOTYPES = YES;
				CLANG_WARN_SUSPICIOUS_MOVE = YES;
				CLANG_WARN_UNGUARDED_AVAILABILITY = YES_AGGRESSIVE;
				CLANG_WARN_UNREACHABLE_CODE = YES;
				CLANG_WARN__DUPLICATE_METHOD_MATCH = YES;
				COPY_PHASE_STRIP = NO;
				DEBUG_INFORMATION_FORMAT = "dwarf-with-dsym";
				ENABLE_NS_ASSERTIONS = NO;
				ENABLE_STRICT_OBJC_MSGSEND = YES;
				GCC_C_LANGUAGE_STANDARD = gnu11;
				GCC_NO_COMMON_BLOCKS = YES;
				GCC_WARN_64_TO_32_BIT_CONVERSION = YES;
				GCC_WARN_ABOUT_RETURN_TYPE = YES_ERROR;
				GCC_WARN_UNDECLARED_SELECTOR = YES;
				GCC_WARN_UNINITIALIZED_AUTOS = YES_AGGRESSIVE;
				GCC_WARN_UNUSED_FUNCTION = YES;
				GCC_WARN_UNUSED_VARIABLE = YES;
				IPHONEOS_DEPLOYMENT_TARGET = 16.1;
				MTL_ENABLE_DEBUG_INFO = NO;
				MTL_FAST_MATH = YES;
				SDKROOT = iphoneos;
				SWIFT_COMPILATION_MODE = wholemodule;
				SWIFT_OPTIMIZATION_LEVEL = "-O";
				VALIDATE_PRODUCT = YES;
			};
			name = Release;
		};
		8B49F5B529B8E39100E360BB /* Debug */ = {
			isa = XCBuildConfiguration;
			buildSettings = {
				ASSETCATALOG_COMPILER_APPICON_NAME = AppIcon;
				ASSETCATALOG_COMPILER_GLOBAL_ACCENT_COLOR_NAME = AccentColor;
				CODE_SIGN_STYLE = Automatic;
				CURRENT_PROJECT_VERSION = 1;
				DEVELOPMENT_ASSET_PATHS = "\"AP App/Preview Content\"";
				ENABLE_PREVIEWS = YES;
				GENERATE_INFOPLIST_FILE = YES;
				INFOPLIST_KEY_UIApplicationSceneManifest_Generation = YES;
				INFOPLIST_KEY_UIApplicationSupportsIndirectInputEvents = YES;
				INFOPLIST_KEY_UILaunchScreen_Generation = YES;
				INFOPLIST_KEY_UISupportedInterfaceOrientations_iPad = "UIInterfaceOrientationPortrait UIInterfaceOrientationPortraitUpsideDown UIInterfaceOrientationLandscapeLeft UIInterfaceOrientationLandscapeRight";
				INFOPLIST_KEY_UISupportedInterfaceOrientations_iPhone = "UIInterfaceOrientationPortrait UIInterfaceOrientationLandscapeLeft UIInterfaceOrientationLandscapeRight";
				LD_RUNPATH_SEARCH_PATHS = (
					"$(inherited)",
					"@executable_path/Frameworks",
				);
				MARKETING_VERSION = 1.0;
				PRODUCT_BUNDLE_IDENTIFIER = "rcgoldenber23.AP-App";
				PRODUCT_NAME = "$(TARGET_NAME)";
				SWIFT_EMIT_LOC_STRINGS = YES;
				SWIFT_VERSION = 5.0;
				TARGETED_DEVICE_FAMILY = "1,2";
			};
			name = Debug;
		};
		8B49F5B629B8E39100E360BB /* Release */ = {
			isa = XCBuildConfiguration;
			buildSettings = {
				ASSETCATALOG_COMPILER_APPICON_NAME = AppIcon;
				ASSETCATALOG_COMPILER_GLOBAL_ACCENT_COLOR_NAME = AccentColor;
				CODE_SIGN_STYLE = Automatic;
				CURRENT_PROJECT_VERSION = 1;
				DEVELOPMENT_ASSET_PATHS = "\"AP App/Preview Content\"";
				ENABLE_PREVIEWS = YES;
				GENERATE_INFOPLIST_FILE = YES;
				INFOPLIST_KEY_UIApplicationSceneManifest_Generation = YES;
				INFOPLIST_KEY_UIApplicationSupportsIndirectInputEvents = YES;
				INFOPLIST_KEY_UILaunchScreen_Generation = YES;
				INFOPLIST_KEY_UISupportedInterfaceOrientations_iPad = "UIInterfaceOrientationPortrait UIInterfaceOrientationPortraitUpsideDown UIInterfaceOrientationLandscapeLeft UIInterfaceOrientationLandscapeRight";
				INFOPLIST_KEY_UISupportedInterfaceOrientations_iPhone = "UIInterfaceOrientationPortrait UIInterfaceOrientationLandscapeLeft UIInterfaceOrientationLandscapeRight";
				LD_RUNPATH_SEARCH_PATHS = (
					"$(inherited)",
					"@executable_path/Frameworks",
				);
				MARKETING_VERSION = 1.0;
				PRODUCT_BUNDLE_IDENTIFIER = "rcgoldenber23.AP-App";
				PRODUCT_NAME = "$(TARGET_NAME)";
				SWIFT_EMIT_LOC_STRINGS = YES;
				SWIFT_VERSION = 5.0;
				TARGETED_DEVICE_FAMILY = "1,2";
			};
			name = Release;
		};
/* End XCBuildConfiguration section */

/* Begin XCConfigurationList section */
		8B49F5A129B8E39000E360BB /* Build configuration list for PBXProject "AP App" */ = {
			isa = XCConfigurationList;
			buildConfigurations = (
				8B49F5B229B8E39100E360BB /* Debug */,
				8B49F5B329B8E39100E360BB /* Release */,
			);
			defaultConfigurationIsVisible = 0;
			defaultConfigurationName = Release;
		};
		8B49F5B429B8E39100E360BB /* Build configuration list for PBXNativeTarget "AP App" */ = {
			isa = XCConfigurationList;
			buildConfigurations = (
				8B49F5B529B8E39100E360BB /* Debug */,
				8B49F5B629B8E39100E360BB /* Release */,
			);
			defaultConfigurationIsVisible = 0;
			defaultConfigurationName = Release;
		};
/* End XCConfigurationList section */
	};
	rootObject = 8B49F59E29B8E39000E360BB /* Project object */;
}
